
Microsoft Visual Studio Solution File, Format Version 12.00
# Visual Studio 15
VisualStudioVersion = 15.0.26430.16
MinimumVisualStudioVersion = 10.0.40219.1
Project("{FAE04EC0-301F-11D3-BF4B-00C04F79EFBC}") = "SessionDemo", "SessionDemo\SessionDemo.csproj", "{F83F9340-28E7-435E-97D5-D979190FEFAA}"
EndProject
Project("{2150E333-8FDC-42A3-9474-1A3956D46DE8}") = "ASP.Net MVC Applications", "ASP.Net MVC Applications", "{BCD419D1-C534-449A-B231-27D5D64E8621}"
EndProject
Project("{FAE04EC0-301F-11D3-BF4B-00C04F79EFBC}") = "UploadImageDemo", "UploadImageDemo\UploadImageDemo.csproj", "{CA3AEDB1-B239-4121-96B0-293193821319}"
EndProject
Project("{FAE04EC0-301F-11D3-BF4B-00C04F79EFBC}") = "AjaxImplementationDemos", "AjaxImplementationDemos\AjaxImplementationDemos.csproj", "{5D021A72-2FA1-4C20-8F28-D31A77769C8C}"
EndProject
Project("{FAE04EC0-301F-11D3-BF4B-00C04F79EFBC}") = "UpdateForiegnKeyResolverDemo", "UpdateForiegnKeyResolverDemo\UpdateForiegnKeyResolverDemo.csproj", "{746B122E-FC05-47C6-B81D-67DE003851B2}"
EndProject
Project("{FAE04EC0-301F-11D3-BF4B-00C04F79EFBC}") = "AJAXDemo", "AJAXDemo\AJAXDemo.csproj", "{EB9EBEA7-0C37-430C-804A-DA9992372EB0}"
EndProject
Global
	GlobalSection(SolutionConfigurationPlatforms) = preSolution
		Debug|Any CPU = Debug|Any CPU
		Release|Any CPU = Release|Any CPU
	EndGlobalSection
	GlobalSection(ProjectConfigurationPlatforms) = postSolution
		{F83F9340-28E7-435E-97D5-D979190FEFAA}.Debug|Any CPU.ActiveCfg = Debug|Any CPU
		{F83F9340-28E7-435E-97D5-D979190FEFAA}.Debug|Any CPU.Build.0 = Debug|Any CPU
		{F83F9340-28E7-435E-97D5-D979190FEFAA}.Release|Any CPU.ActiveCfg = Release|Any CPU
		{F83F9340-28E7-435E-97D5-D979190FEFAA}.Release|Any CPU.Build.0 = Release|Any CPU
		{CA3AEDB1-B239-4121-96B0-293193821319}.Debug|Any CPU.ActiveCfg = Debug|Any CPU
		{CA3AEDB1-B239-4121-96B0-293193821319}.Debug|Any CPU.Build.0 = Debug|Any CPU
		{CA3AEDB1-B239-4121-96B0-293193821319}.Release|Any CPU.ActiveCfg = Release|Any CPU
		{CA3AEDB1-B239-4121-96B0-293193821319}.Release|Any CPU.Build.0 = Release|Any CPU
		{5D021A72-2FA1-4C20-8F28-D31A77769C8C}.Debug|Any CPU.ActiveCfg = Debug|Any CPU
		{5D021A72-2FA1-4C20-8F28-D31A77769C8C}.Debug|Any CPU.Build.0 = Debug|Any CPU
		{5D021A72-2FA1-4C20-8F28-D31A77769C8C}.Release|Any CPU.ActiveCfg = Release|Any CPU
		{5D021A72-2FA1-4C20-8F28-D31A77769C8C}.Release|Any CPU.Build.0 = Release|Any CPU
		{746B122E-FC05-47C6-B81D-67DE003851B2}.Debug|Any CPU.ActiveCfg = Debug|Any CPU
		{746B122E-FC05-47C6-B81D-67DE003851B2}.Debug|Any CPU.Build.0 = Debug|Any CPU
		{746B122E-FC05-47C6-B81D-67DE003851B2}.Release|Any CPU.ActiveCfg = Release|Any CPU
		{746B122E-FC05-47C6-B81D-67DE003851B2}.Release|Any CPU.Build.0 = Release|Any CPU
		{EB9EBEA7-0C37-430C-804A-DA9992372EB0}.Debug|Any CPU.ActiveCfg = Debug|Any CPU
		{EB9EBEA7-0C37-430C-804A-DA9992372EB0}.Debug|Any CPU.Build.0 = Debug|Any CPU
		{EB9EBEA7-0C37-430C-804A-DA9992372EB0}.Release|Any CPU.ActiveCfg = Release|Any CPU
		{EB9EBEA7-0C37-430C-804A-DA9992372EB0}.Release|Any CPU.Build.0 = Release|Any CPU
	EndGlobalSection
	GlobalSection(SolutionProperties) = preSolution
		HideSolutionNode = FALSE
	EndGlobalSection
	GlobalSection(NestedProjects) = preSolution
		{F83F9340-28E7-435E-97D5-D979190FEFAA} = {BCD419D1-C534-449A-B231-27D5D64E8621}
		{CA3AEDB1-B239-4121-96B0-293193821319} = {BCD419D1-C534-449A-B231-27D5D64E8621}
		{5D021A72-2FA1-4C20-8F28-D31A77769C8C} = {BCD419D1-C534-449A-B231-27D5D64E8621}
		{746B122E-FC05-47C6-B81D-67DE003851B2} = {BCD419D1-C534-449A-B231-27D5D64E8621}
		{EB9EBEA7-0C37-430C-804A-DA9992372EB0} = {BCD419D1-C534-449A-B231-27D5D64E8621}
	EndGlobalSection
EndGlobal
